
Microsoft Visual Studio Solution File, Format Version 12.00
# Visual Studio 14
VisualStudioVersion = 14.0.25420.1
MinimumVisualStudioVersion = 10.0.40219.1
Project("{FAE04EC0-301F-11D3-BF4B-00C04F79EFBC}") = "Accent.Utils", "Accent.Utils\Accent.Utils.csproj", "{FA7E7A50-114F-4713-9107-A1E4C41DDC32}"
EndProject
Project("{FAE04EC0-301F-11D3-BF4B-00C04F79EFBC}") = "Accent.KShortestPaths", "Accent.KShortestPaths\Accent.KShortestPaths.csproj", "{FFF1A810-2892-4295-8621-0F3C50BB4D23}"
EndProject
Project("{FAE04EC0-301F-11D3-BF4B-00C04F79EFBC}") = "Accent.WebService", "Accent.WebService\Accent.WebService.csproj", "{92E0C396-0D21-454D-A267-29816AC5E8DA}"
EndProject
Project("{FAE04EC0-301F-11D3-BF4B-00C04F79EFBC}") = "Accent.ConsoleApplication", "Accent.ConsoleApplication\Accent.ConsoleApplication.csproj", "{1AB7B571-A6E1-45F1-ACFC-A77A2CCE18E9}"
EndProject
Project("{FAE04EC0-301F-11D3-BF4B-00C04F79EFBC}") = "Accent.Web", "Accent.Web\Accent.Web.csproj", "{2A24B232-3772-4389-A20F-FA99798C7383}"
EndProject
Project("{FAE04EC0-301F-11D3-BF4B-00C04F79EFBC}") = "AIML.BOT", "AIML.BOT\AIML.BOT.csproj", "{586D1D3C-04D0-4981-8EE0-89CDA0AA9CFC}"
EndProject
Project("{FAE04EC0-301F-11D3-BF4B-00C04F79EFBC}") = "SearchEngine.ConsoleApplication", "SearchEngine.ConsoleApplication\SearchEngine.ConsoleApplication.csproj", "{96023BAF-5F29-44DE-BFD8-9319957DB425}"
EndProject
Project("{FAE04EC0-301F-11D3-BF4B-00C04F79EFBC}") = "SearchEngine.Data", "SearchEngine.Data\SearchEngine.Data.csproj", "{3D2F5B2A-12BE-42E0-BE1B-27F736523378}"
EndProject
Global
	GlobalSection(SolutionConfigurationPlatforms) = preSolution
		Debug|Any CPU = Debug|Any CPU
		Release|Any CPU = Release|Any CPU
	EndGlobalSection
	GlobalSection(ProjectConfigurationPlatforms) = postSolution
		{FA7E7A50-114F-4713-9107-A1E4C41DDC32}.Debug|Any CPU.ActiveCfg = Debug|Any CPU
		{FA7E7A50-114F-4713-9107-A1E4C41DDC32}.Debug|Any CPU.Build.0 = Debug|Any CPU
		{FA7E7A50-114F-4713-9107-A1E4C41DDC32}.Release|Any CPU.ActiveCfg = Release|Any CPU
		{FA7E7A50-114F-4713-9107-A1E4C41DDC32}.Release|Any CPU.Build.0 = Release|Any CPU
		{FFF1A810-2892-4295-8621-0F3C50BB4D23}.Debug|Any CPU.ActiveCfg = Debug|Any CPU
		{FFF1A810-2892-4295-8621-0F3C50BB4D23}.Debug|Any CPU.Build.0 = Debug|Any CPU
		{FFF1A810-2892-4295-8621-0F3C50BB4D23}.Release|Any CPU.ActiveCfg = Release|Any CPU
		{FFF1A810-2892-4295-8621-0F3C50BB4D23}.Release|Any CPU.Build.0 = Release|Any CPU
		{92E0C396-0D21-454D-A267-29816AC5E8DA}.Debug|Any CPU.ActiveCfg = Debug|Any CPU
		{92E0C396-0D21-454D-A267-29816AC5E8DA}.Debug|Any CPU.Build.0 = Debug|Any CPU
		{92E0C396-0D21-454D-A267-29816AC5E8DA}.Release|Any CPU.ActiveCfg = Release|Any CPU
		{92E0C396-0D21-454D-A267-29816AC5E8DA}.Release|Any CPU.Build.0 = Release|Any CPU
		{1AB7B571-A6E1-45F1-ACFC-A77A2CCE18E9}.Debug|Any CPU.ActiveCfg = Debug|Any CPU
		{1AB7B571-A6E1-45F1-ACFC-A77A2CCE18E9}.Debug|Any CPU.Build.0 = Debug|Any CPU
		{1AB7B571-A6E1-45F1-ACFC-A77A2CCE18E9}.Release|Any CPU.ActiveCfg = Release|Any CPU
		{1AB7B571-A6E1-45F1-ACFC-A77A2CCE18E9}.Release|Any CPU.Build.0 = Release|Any CPU
		{2A24B232-3772-4389-A20F-FA99798C7383}.Debug|Any CPU.ActiveCfg = Debug|Any CPU
		{2A24B232-3772-4389-A20F-FA99798C7383}.Debug|Any CPU.Build.0 = Debug|Any CPU
		{2A24B232-3772-4389-A20F-FA99798C7383}.Release|Any CPU.ActiveCfg = Release|Any CPU
		{2A24B232-3772-4389-A20F-FA99798C7383}.Release|Any CPU.Build.0 = Release|Any CPU
		{586D1D3C-04D0-4981-8EE0-89CDA0AA9CFC}.Debug|Any CPU.ActiveCfg = Debug|Any CPU
		{586D1D3C-04D0-4981-8EE0-89CDA0AA9CFC}.Debug|Any CPU.Build.0 = Debug|Any CPU
		{586D1D3C-04D0-4981-8EE0-89CDA0AA9CFC}.Release|Any CPU.ActiveCfg = Release|Any CPU
		{586D1D3C-04D0-4981-8EE0-89CDA0AA9CFC}.Release|Any CPU.Build.0 = Release|Any CPU
		{96023BAF-5F29-44DE-BFD8-9319957DB425}.Debug|Any CPU.ActiveCfg = Debug|Any CPU
		{96023BAF-5F29-44DE-BFD8-9319957DB425}.Debug|Any CPU.Build.0 = Debug|Any CPU
		{96023BAF-5F29-44DE-BFD8-9319957DB425}.Release|Any CPU.ActiveCfg = Release|Any CPU
		{96023BAF-5F29-44DE-BFD8-9319957DB425}.Release|Any CPU.Build.0 = Release|Any CPU
		{3D2F5B2A-12BE-42E0-BE1B-27F736523378}.Debug|Any CPU.ActiveCfg = Debug|Any CPU
		{3D2F5B2A-12BE-42E0-BE1B-27F736523378}.Debug|Any CPU.Build.0 = Debug|Any CPU
		{3D2F5B2A-12BE-42E0-BE1B-27F736523378}.Release|Any CPU.ActiveCfg = Release|Any CPU
		{3D2F5B2A-12BE-42E0-BE1B-27F736523378}.Release|Any CPU.Build.0 = Release|Any CPU
	EndGlobalSection
	GlobalSection(SolutionProperties) = preSolution
		HideSolutionNode = FALSE
	EndGlobalSection
EndGlobal
